
Microsoft Visual Studio Solution File, Format Version 12.00
# Visual Studio Version 17
VisualStudioVersion = 17.5.002.0
MinimumVisualStudioVersion = 10.0.40219.1
Project("{9A19103F-16F7-4668-BE54-9A1E7A4F7556}") = "list", "LinkedList\list.csproj", "{C7470E93-A4BB-4786-8218-843BB6FF7A75}"
EndProject
Global
	GlobalSection(SolutionConfigurationPlatforms) = preSolution
		Debug|Any CPU = Debug|Any CPU
		Release|Any CPU = Release|Any CPU
	EndGlobalSection
	GlobalSection(ProjectConfigurationPlatforms) = postSolution
		{C7470E93-A4BB-4786-8218-843BB6FF7A75}.Debug|Any CPU.ActiveCfg = Debug|Any CPU
		{C7470E93-A4BB-4786-8218-843BB6FF7A75}.Debug|Any CPU.Build.0 = Debug|Any CPU
		{C7470E93-A4BB-4786-8218-843BB6FF7A75}.Release|Any CPU.ActiveCfg = Release|Any CPU
		{C7470E93-A4BB-4786-8218-843BB6FF7A75}.Release|Any CPU.Build.0 = Release|Any CPU
	EndGlobalSection
	GlobalSection(SolutionProperties) = preSolution
		HideSolutionNode = FALSE
	EndGlobalSection
	GlobalSection(ExtensibilityGlobals) = postSolution
		SolutionGuid = {66CC0A26-8FEF-4D1D-A44F-66B8D0EC6CAE}
	EndGlobalSection
EndGlobal
